
Microsoft Visual Studio Solution File, Format Version 12.00
# Visual Studio Version 16
VisualStudioVersion = 16.0.30907.101
MinimumVisualStudioVersion = 10.0.40219.1
Project("{FAE04EC0-301F-11D3-BF4B-00C04F79EFBC}") = "TonkCardGame.UWP", "TonkCardGame\TonkCardGame.UWP\TonkCardGame.UWP.csproj", "{4222BE3A-1363-44EF-ABA7-714D01AABFCC}"
EndProject
Project("{FAE04EC0-301F-11D3-BF4B-00C04F79EFBC}") = "TonkCardGame.Android", "TonkCardGame\TonkCardGame.Android\TonkCardGame.Android.csproj", "{5CBD4B1E-627B-4338-8683-D53D73B986AC}"
EndProject
Project("{FAE04EC0-301F-11D3-BF4B-00C04F79EFBC}") = "TonkCardGame.iOS", "TonkCardGame\TonkCardGame.iOS\TonkCardGame.iOS.csproj", "{52B2DE75-3246-40AF-BA98-2B4EBABAA070}"
EndProject
Project("{FAE04EC0-301F-11D3-BF4B-00C04F79EFBC}") = "TonkCardGame", "TonkCardGame\TonkCardGame\TonkCardGame.csproj", "{E2726295-7DF4-4546-9B7A-537975E8563F}"
EndProject
Global
	GlobalSection(SolutionConfigurationPlatforms) = preSolution
		Debug|Any CPU = Debug|Any CPU
		Debug|ARM = Debug|ARM
		Debug|iPhone = Debug|iPhone
		Debug|iPhoneSimulator = Debug|iPhoneSimulator
		Debug|x64 = Debug|x64
		Debug|x86 = Debug|x86
		Release|Any CPU = Release|Any CPU
		Release|ARM = Release|ARM
		Release|iPhone = Release|iPhone
		Release|iPhoneSimulator = Release|iPhoneSimulator
		Release|x64 = Release|x64
		Release|x86 = Release|x86
	EndGlobalSection
	GlobalSection(ProjectConfigurationPlatforms) = postSolution
		{4222BE3A-1363-44EF-ABA7-714D01AABFCC}.Debug|Any CPU.ActiveCfg = Debug|x86
		{4222BE3A-1363-44EF-ABA7-714D01AABFCC}.Debug|Any CPU.Build.0 = Debug|x86
		{4222BE3A-1363-44EF-ABA7-714D01AABFCC}.Debug|Any CPU.Deploy.0 = Debug|x86
		{4222BE3A-1363-44EF-ABA7-714D01AABFCC}.Debug|ARM.ActiveCfg = Debug|ARM
		{4222BE3A-1363-44EF-ABA7-714D01AABFCC}.Debug|ARM.Build.0 = Debug|ARM
		{4222BE3A-1363-44EF-ABA7-714D01AABFCC}.Debug|ARM.Deploy.0 = Debug|ARM
		{4222BE3A-1363-44EF-ABA7-714D01AABFCC}.Debug|iPhone.ActiveCfg = Debug|x86
		{4222BE3A-1363-44EF-ABA7-714D01AABFCC}.Debug|iPhone.Build.0 = Debug|x86
		{4222BE3A-1363-44EF-ABA7-714D01AABFCC}.Debug|iPhone.Deploy.0 = Debug|x86
		{4222BE3A-1363-44EF-ABA7-714D01AABFCC}.Debug|iPhoneSimulator.ActiveCfg = Debug|x86
		{4222BE3A-1363-44EF-ABA7-714D01AABFCC}.Debug|iPhoneSimulator.Build.0 = Debug|x86
		{4222BE3A-1363-44EF-ABA7-714D01AABFCC}.Debug|iPhoneSimulator.Deploy.0 = Debug|x86
		{4222BE3A-1363-44EF-ABA7-714D01AABFCC}.Debug|x64.ActiveCfg = Debug|x64
		{4222BE3A-1363-44EF-ABA7-714D01AABFCC}.Debug|x64.Build.0 = Debug|x64
		{4222BE3A-1363-44EF-ABA7-714D01AABFCC}.Debug|x64.Deploy.0 = Debug|x64
		{4222BE3A-1363-44EF-ABA7-714D01AABFCC}.Debug|x86.ActiveCfg = Debug|x86
		{4222BE3A-1363-44EF-ABA7-714D01AABFCC}.Debug|x86.Build.0 = Debug|x86
		{4222BE3A-1363-44EF-ABA7-714D01AABFCC}.Debug|x86.Deploy.0 = Debug|x86
		{4222BE3A-1363-44EF-ABA7-714D01AABFCC}.Release|Any CPU.ActiveCfg = Release|x86
		{4222BE3A-1363-44EF-ABA7-714D01AABFCC}.Release|Any CPU.Build.0 = Release|x86
		{4222BE3A-1363-44EF-ABA7-714D01AABFCC}.Release|Any CPU.Deploy.0 = Release|x86
		{4222BE3A-1363-44EF-ABA7-714D01AABFCC}.Release|ARM.ActiveCfg = Release|ARM
		{4222BE3A-1363-44EF-ABA7-714D01AABFCC}.Release|ARM.Build.0 = Release|ARM
		{4222BE3A-1363-44EF-ABA7-714D01AABFCC}.Release|ARM.Deploy.0 = Release|ARM
		{4222BE3A-1363-44EF-ABA7-714D01AABFCC}.Release|iPhone.ActiveCfg = Release|x86
		{4222BE3A-1363-44EF-ABA7-714D01AABFCC}.Release|iPhone.Build.0 = Release|x86
		{4222BE3A-1363-44EF-ABA7-714D01AABFCC}.Release|iPhone.Deploy.0 = Release|x86
		{4222BE3A-1363-44EF-ABA7-714D01AABFCC}.Release|iPhoneSimulator.ActiveCfg = Release|x86
		{4222BE3A-1363-44EF-ABA7-714D01AABFCC}.Release|iPhoneSimulator.Build.0 = Release|x86
		{4222BE3A-1363-44EF-ABA7-714D01AABFCC}.Release|iPhoneSimulator.Deploy.0 = Release|x86
		{4222BE3A-1363-44EF-ABA7-714D01AABFCC}.Release|x64.ActiveCfg = Release|x64
		{4222BE3A-1363-44EF-ABA7-714D01AABFCC}.Release|x64.Build.0 = Release|x64
		{4222BE3A-1363-44EF-ABA7-714D01AABFCC}.Release|x64.Deploy.0 = Release|x64
		{4222BE3A-1363-44EF-ABA7-714D01AABFCC}.Release|x86.ActiveCfg = Release|x86
		{4222BE3A-1363-44EF-ABA7-714D01AABFCC}.Release|x86.Build.0 = Release|x86
		{4222BE3A-1363-44EF-ABA7-714D01AABFCC}.Release|x86.Deploy.0 = Release|x86
		{5CBD4B1E-627B-4338-8683-D53D73B986AC}.Debug|Any CPU.ActiveCfg = Debug|Any CPU
		{5CBD4B1E-627B-4338-8683-D53D73B986AC}.Debug|Any CPU.Build.0 = Debug|Any CPU
		{5CBD4B1E-627B-4338-8683-D53D73B986AC}.Debug|Any CPU.Deploy.0 = Debug|Any CPU
		{5CBD4B1E-627B-4338-8683-D53D73B986AC}.Debug|ARM.ActiveCfg = Debug|Any CPU
		{5CBD4B1E-627B-4338-8683-D53D73B986AC}.Debug|ARM.Build.0 = Debug|Any CPU
		{5CBD4B1E-627B-4338-8683-D53D73B986AC}.Debug|ARM.Deploy.0 = Debug|Any CPU
		{5CBD4B1E-627B-4338-8683-D53D73B986AC}.Debug|iPhone.ActiveCfg = Debug|Any CPU
		{5CBD4B1E-627B-4338-8683-D53D73B986AC}.Debug|iPhone.Build.0 = Debug|Any CPU
		{5CBD4B1E-627B-4338-8683-D53D73B986AC}.Debug|iPhone.Deploy.0 = Debug|Any CPU
		{5CBD4B1E-627B-4338-8683-D53D73B986AC}.Debug|iPhoneSimulator.ActiveCfg = Debug|Any CPU
		{5CBD4B1E-627B-4338-8683-D53D73B986AC}.Debug|iPhoneSimulator.Build.0 = Debug|Any CPU
		{5CBD4B1E-627B-4338-8683-D53D73B986AC}.Debug|iPhoneSimulator.Deploy.0 = Debug|Any CPU
		{5CBD4B1E-627B-4338-8683-D53D73B986AC}.Debug|x64.ActiveCfg = Debug|Any CPU
		{5CBD4B1E-627B-4338-8683-D53D73B986AC}.Debug|x64.Build.0 = Debug|Any CPU
		{5CBD4B1E-627B-4338-8683-D53D73B986AC}.Debug|x64.Deploy.0 = Debug|Any CPU
		{5CBD4B1E-627B-4338-8683-D53D73B986AC}.Debug|x86.ActiveCfg = Debug|Any CPU
		{5CBD4B1E-627B-4338-8683-D53D73B986AC}.Debug|x86.Build.0 = Debug|Any CPU
		{5CBD4B1E-627B-4338-8683-D53D73B986AC}.Debug|x86.Deploy.0 = Debug|Any CPU
		{5CBD4B1E-627B-4338-8683-D53D73B986AC}.Release|Any CPU.ActiveCfg = Release|Any CPU
		{5CBD4B1E-627B-4338-8683-D53D73B986AC}.Release|Any CPU.Build.0 = Release|Any CPU
		{5CBD4B1E-627B-4338-8683-D53D73B986AC}.Release|Any CPU.Deploy.0 = Release|Any CPU
		{5CBD4B1E-627B-4338-8683-D53D73B986AC}.Release|ARM.ActiveCfg = Release|Any CPU
		{5CBD4B1E-627B-4338-8683-D53D73B986AC}.Release|ARM.Build.0 = Release|Any CPU
		{5CBD4B1E-627B-4338-8683-D53D73B986AC}.Release|ARM.Deploy.0 = Release|Any CPU
		{5CBD4B1E-627B-4338-8683-D53D73B986AC}.Release|iPhone.ActiveCfg = Release|Any CPU
		{5CBD4B1E-627B-4338-8683-D53D73B986AC}.Release|iPhone.Build.0 = Release|Any CPU
		{5CBD4B1E-627B-4338-8683-D53D73B986AC}.Release|iPhone.Deploy.0 = Release|Any CPU
		{5CBD4B1E-627B-4338-8683-D53D73B986AC}.Release|iPhoneSimulator.ActiveCfg = Release|Any CPU
		{5CBD4B1E-627B-4338-8683-D53D73B986AC}.Release|iPhoneSimulator.Build.0 = Release|Any CPU
		{5CBD4B1E-627B-4338-8683-D53D73B986AC}.Release|iPhoneSimulator.Deploy.0 = Release|Any CPU
		{5CBD4B1E-627B-4338-8683-D53D73B986AC}.Release|x64.ActiveCfg = Release|Any CPU
		{5CBD4B1E-627B-4338-8683-D53D73B986AC}.Release|x64.Build.0 = Release|Any CPU
		{5CBD4B1E-627B-4338-8683-D53D73B986AC}.Release|x64.Deploy.0 = Release|Any CPU
		{5CBD4B1E-627B-4338-8683-D53D73B986AC}.Release|x86.ActiveCfg = Release|Any CPU
		{5CBD4B1E-627B-4338-8683-D53D73B986AC}.Release|x86.Build.0 = Release|Any CPU
		{5CBD4B1E-627B-4338-8683-D53D73B986AC}.Release|x86.Deploy.0 = Release|Any CPU
		{52B2DE75-3246-40AF-BA98-2B4EBABAA070}.Debug|Any CPU.ActiveCfg = Debug|iPhoneSimulator
		{52B2DE75-3246-40AF-BA98-2B4EBABAA070}.Debug|Any CPU.Build.0 = Debug|iPhoneSimulator
		{52B2DE75-3246-40AF-BA98-2B4EBABAA070}.Debug|Any CPU.Deploy.0 = Debug|iPhoneSimulator
		{52B2DE75-3246-40AF-BA98-2B4EBABAA070}.Debug|ARM.ActiveCfg = Debug|iPhone
		{52B2DE75-3246-40AF-BA98-2B4EBABAA070}.Debug|ARM.Build.0 = Debug|iPhone
		{52B2DE75-3246-40AF-BA98-2B4EBABAA070}.Debug|ARM.Deploy.0 = Debug|iPhone
		{52B2DE75-3246-40AF-BA98-2B4EBABAA070}.Debug|iPhone.ActiveCfg = Debug|iPhone
		{52B2DE75-3246-40AF-BA98-2B4EBABAA070}.Debug|iPhone.Build.0 = Debug|iPhone
		{52B2DE75-3246-40AF-BA98-2B4EBABAA070}.Debug|iPhone.Deploy.0 = Debug|iPhone
		{52B2DE75-3246-40AF-BA98-2B4EBABAA070}.Debug|iPhoneSimulator.ActiveCfg = Debug|iPhoneSimulator
		{52B2DE75-3246-40AF-BA98-2B4EBABAA070}.Debug|iPhoneSimulator.Build.0 = Debug|iPhoneSimulator
		{52B2DE75-3246-40AF-BA98-2B4EBABAA070}.Debug|iPhoneSimulator.Deploy.0 = Debug|iPhoneSimulator
		{52B2DE75-3246-40AF-BA98-2B4EBABAA070}.Debug|x64.ActiveCfg = Debug|iPhoneSimulator
		{52B2DE75-3246-40AF-BA98-2B4EBABAA070}.Debug|x64.Build.0 = Debug|iPhoneSimulator
		{52B2DE75-3246-40AF-BA98-2B4EBABAA070}.Debug|x64.Deploy.0 = Debug|iPhoneSimulator
		{52B2DE75-3246-40AF-BA98-2B4EBABAA070}.Debug|x86.ActiveCfg = Debug|iPhoneSimulator
		{52B2DE75-3246-40AF-BA98-2B4EBABAA070}.Debug|x86.Build.0 = Debug|iPhoneSimulator
		{52B2DE75-3246-40AF-BA98-2B4EBABAA070}.Debug|x86.Deploy.0 = Debug|iPhoneSimulator
		{52B2DE75-3246-40AF-BA98-2B4EBABAA070}.Release|Any CPU.ActiveCfg = Release|iPhoneSimulator
		{52B2DE75-3246-40AF-BA98-2B4EBABAA070}.Release|Any CPU.Build.0 = Release|iPhoneSimulator
		{52B2DE75-3246-40AF-BA98-2B4EBABAA070}.Release|Any CPU.Deploy.0 = Release|iPhoneSimulator
		{52B2DE75-3246-40AF-BA98-2B4EBABAA070}.Release|ARM.ActiveCfg = Release|iPhoneSimulator
		{52B2DE75-3246-40AF-BA98-2B4EBABAA070}.Release|ARM.Build.0 = Release|iPhoneSimulator
		{52B2DE75-3246-40AF-BA98-2B4EBABAA070}.Release|ARM.Deploy.0 = Release|iPhoneSimulator
		{52B2DE75-3246-40AF-BA98-2B4EBABAA070}.Release|iPhone.ActiveCfg = Release|iPhone
		{52B2DE75-3246-40AF-BA98-2B4EBABAA070}.Release|iPhone.Build.0 = Release|iPhone
		{52B2DE75-3246-40AF-BA98-2B4EBABAA070}.Release|iPhone.Deploy.0 = Release|iPhone
		{52B2DE75-3246-40AF-BA98-2B4EBABAA070}.Release|iPhoneSimulator.ActiveCfg = Release|iPhoneSimulator
		{52B2DE75-3246-40AF-BA98-2B4EBABAA070}.Release|iPhoneSimulator.Build.0 = Release|iPhoneSimulator
		{52B2DE75-3246-40AF-BA98-2B4EBABAA070}.Release|iPhoneSimulator.Deploy.0 = Release|iPhoneSimulator
		{52B2DE75-3246-40AF-BA98-2B4EBABAA070}.Release|x64.ActiveCfg = Release|iPhoneSimulator
		{52B2DE75-3246-40AF-BA98-2B4EBABAA070}.Release|x64.Build.0 = Release|iPhoneSimulator
		{52B2DE75-3246-40AF-BA98-2B4EBABAA070}.Release|x64.Deploy.0 = Release|iPhoneSimulator
		{52B2DE75-3246-40AF-BA98-2B4EBABAA070}.Release|x86.ActiveCfg = Release|iPhoneSimulator
		{52B2DE75-3246-40AF-BA98-2B4EBABAA070}.Release|x86.Build.0 = Release|iPhoneSimulator
		{52B2DE75-3246-40AF-BA98-2B4EBABAA070}.Release|x86.Deploy.0 = Release|iPhoneSimulator
		{E2726295-7DF4-4546-9B7A-537975E8563F}.Debug|Any CPU.ActiveCfg = Debug|Any CPU
		{E2726295-7DF4-4546-9B7A-537975E8563F}.Debug|Any CPU.Build.0 = Debug|Any CPU
		{E2726295-7DF4-4546-9B7A-537975E8563F}.Debug|Any CPU.Deploy.0 = Debug|Any CPU
		{E2726295-7DF4-4546-9B7A-537975E8563F}.Debug|ARM.ActiveCfg = Debug|Any CPU
		{E2726295-7DF4-4546-9B7A-537975E8563F}.Debug|ARM.Build.0 = Debug|Any CPU
		{E2726295-7DF4-4546-9B7A-537975E8563F}.Debug|ARM.Deploy.0 = Debug|Any CPU
		{E2726295-7DF4-4546-9B7A-537975E8563F}.Debug|iPhone.ActiveCfg = Debug|Any CPU
		{E2726295-7DF4-4546-9B7A-537975E8563F}.Debug|iPhone.Build.0 = Debug|Any CPU
		{E2726295-7DF4-4546-9B7A-537975E8563F}.Debug|iPhone.Deploy.0 = Debug|Any CPU
		{E2726295-7DF4-4546-9B7A-537975E8563F}.Debug|iPhoneSimulator.ActiveCfg = Debug|Any CPU
		{E2726295-7DF4-4546-9B7A-537975E8563F}.Debug|iPhoneSimulator.Build.0 = Debug|Any CPU
		{E2726295-7DF4-4546-9B7A-537975E8563F}.Debug|iPhoneSimulator.Deploy.0 = Debug|Any CPU
		{E2726295-7DF4-4546-9B7A-537975E8563F}.Debug|x64.ActiveCfg = Debug|Any CPU
		{E2726295-7DF4-4546-9B7A-537975E8563F}.Debug|x64.Build.0 = Debug|Any CPU
		{E2726295-7DF4-4546-9B7A-537975E8563F}.Debug|x64.Deploy.0 = Debug|Any CPU
		{E2726295-7DF4-4546-9B7A-537975E8563F}.Debug|x86.ActiveCfg = Debug|Any CPU
		{E2726295-7DF4-4546-9B7A-537975E8563F}.Debug|x86.Build.0 = Debug|Any CPU
		{E2726295-7DF4-4546-9B7A-537975E8563F}.Debug|x86.Deploy.0 = Debug|Any CPU
		{E2726295-7DF4-4546-9B7A-537975E8563F}.Release|Any CPU.ActiveCfg = Release|Any CPU
		{E2726295-7DF4-4546-9B7A-537975E8563F}.Release|Any CPU.Build.0 = Release|Any CPU
		{E2726295-7DF4-4546-9B7A-537975E8563F}.Release|Any CPU.Deploy.0 = Release|Any CPU
		{E2726295-7DF4-4546-9B7A-537975E8563F}.Release|ARM.ActiveCfg = Release|Any CPU
		{E2726295-7DF4-4546-9B7A-537975E8563F}.Release|ARM.Build.0 = Release|Any CPU
		{E2726295-7DF4-4546-9B7A-537975E8563F}.Release|ARM.Deploy.0 = Release|Any CPU
		{E2726295-7DF4-4546-9B7A-537975E8563F}.Release|iPhone.ActiveCfg = Release|Any CPU
		{E2726295-7DF4-4546-9B7A-537975E8563F}.Release|iPhone.Build.0 = Release|Any CPU
		{E2726295-7DF4-4546-9B7A-537975E8563F}.Release|iPhone.Deploy.0 = Release|Any CPU
		{E2726295-7DF4-4546-9B7A-537975E8563F}.Release|iPhoneSimulator.ActiveCfg = Release|Any CPU
		{E2726295-7DF4-4546-9B7A-537975E8563F}.Release|iPhoneSimulator.Build.0 = Release|Any CPU
		{E2726295-7DF4-4546-9B7A-537975E8563F}.Release|iPhoneSimulator.Deploy.0 = Release|Any CPU
		{E2726295-7DF4-4546-9B7A-537975E8563F}.Release|x64.ActiveCfg = Release|Any CPU
		{E2726295-7DF4-4546-9B7A-537975E8563F}.Release|x64.Build.0 = Release|Any CPU
		{E2726295-7DF4-4546-9B7A-537975E8563F}.Release|x64.Deploy.0 = Release|Any CPU
		{E2726295-7DF4-4546-9B7A-537975E8563F}.Release|x86.ActiveCfg = Release|Any CPU
		{E2726295-7DF4-4546-9B7A-537975E8563F}.Release|x86.Build.0 = Release|Any CPU
		{E2726295-7DF4-4546-9B7A-537975E8563F}.Release|x86.Deploy.0 = Release|Any CPU
	EndGlobalSection
	GlobalSection(SolutionProperties) = preSolution
		HideSolutionNode = FALSE
	EndGlobalSection
	GlobalSection(ExtensibilityGlobals) = postSolution
		SolutionGuid = {3FB239BB-64D1-4662-85E3-B9C8AF071BDF}
	EndGlobalSection
EndGlobal
